
Microsoft Visual Studio Solution File, Format Version 12.00
# Visual Studio 15
VisualStudioVersion = 15.0.27004.2008
MinimumVisualStudioVersion = 10.0.40219.1
Project("{FAE04EC0-301F-11D3-BF4B-00C04F79EFBC}") = "DungeonGame", "DungeonGame\DungeonGame.csproj", "{B1B57DE3-409C-4EE6-924D-FEFFEC32E2C6}"
EndProject
Project("{9A19103F-16F7-4668-BE54-9A1E7A4F7556}") = "GameCore", "GameCore\GameCore.csproj", "{74FC0375-7B97-449D-80FE-6B17E4629A5D}"
EndProject
Project("{FAE04EC0-301F-11D3-BF4B-00C04F79EFBC}") = "GameCoreUnitTest", "GameCoreUnitTest\GameCoreUnitTest.csproj", "{A3448BD3-3261-4411-A8DE-A7F17DC4DC50}"
EndProject
Global
	GlobalSection(SolutionConfigurationPlatforms) = preSolution
		Debug|Any CPU = Debug|Any CPU
		Release|Any CPU = Release|Any CPU
	EndGlobalSection
	GlobalSection(ProjectConfigurationPlatforms) = postSolution
		{B1B57DE3-409C-4EE6-924D-FEFFEC32E2C6}.Debug|Any CPU.ActiveCfg = Debug|Any CPU
		{B1B57DE3-409C-4EE6-924D-FEFFEC32E2C6}.Debug|Any CPU.Build.0 = Debug|Any CPU
		{B1B57DE3-409C-4EE6-924D-FEFFEC32E2C6}.Release|Any CPU.ActiveCfg = Release|Any CPU
		{B1B57DE3-409C-4EE6-924D-FEFFEC32E2C6}.Release|Any CPU.Build.0 = Release|Any CPU
		{74FC0375-7B97-449D-80FE-6B17E4629A5D}.Debug|Any CPU.ActiveCfg = Debug|Any CPU
		{74FC0375-7B97-449D-80FE-6B17E4629A5D}.Debug|Any CPU.Build.0 = Debug|Any CPU
		{74FC0375-7B97-449D-80FE-6B17E4629A5D}.Release|Any CPU.ActiveCfg = Release|Any CPU
		{74FC0375-7B97-449D-80FE-6B17E4629A5D}.Release|Any CPU.Build.0 = Release|Any CPU
		{A3448BD3-3261-4411-A8DE-A7F17DC4DC50}.Debug|Any CPU.ActiveCfg = Debug|Any CPU
		{A3448BD3-3261-4411-A8DE-A7F17DC4DC50}.Debug|Any CPU.Build.0 = Debug|Any CPU
		{A3448BD3-3261-4411-A8DE-A7F17DC4DC50}.Release|Any CPU.ActiveCfg = Release|Any CPU
		{A3448BD3-3261-4411-A8DE-A7F17DC4DC50}.Release|Any CPU.Build.0 = Release|Any CPU
	EndGlobalSection
	GlobalSection(SolutionProperties) = preSolution
		HideSolutionNode = FALSE
	EndGlobalSection
	GlobalSection(ExtensibilityGlobals) = postSolution
		SolutionGuid = {A722D681-1378-4FEB-A91E-DD12EB8B885E}
	EndGlobalSection
EndGlobal
